// !$*UTF8*$!
{
	archiveVersion = 1;
	classes = {
	};
	objectVersion = 51;
	objects = {

/* Begin PBXBuildFile section */
		07740F7D6841B3B5DE2A94DF /* Pods_movie_movieUITests.framework in Frameworks */ = {isa = PBXBuildFile; fileRef = 30C32DE17A380859636CB3EF /* Pods_movie_movieUITests.framework */; };
		71614B3B25F1693000892BC5 /* AppDelegate.swift in Sources */ = {isa = PBXBuildFile; fileRef = 71614B3A25F1693000892BC5 /* AppDelegate.swift */; };
		71614B3D25F1693000892BC5 /* SceneDelegate.swift in Sources */ = {isa = PBXBuildFile; fileRef = 71614B3C25F1693000892BC5 /* SceneDelegate.swift */; };
		71614B3F25F1693000892BC5 /* ViewController.swift in Sources */ = {isa = PBXBuildFile; fileRef = 71614B3E25F1693000892BC5 /* ViewController.swift */; };
		71614B4225F1693000892BC5 /* Main.storyboard in Resources */ = {isa = PBXBuildFile; fileRef = 71614B4025F1693000892BC5 /* Main.storyboard */; };
		71614B4425F1693100892BC5 /* Assets.xcassets in Resources */ = {isa = PBXBuildFile; fileRef = 71614B4325F1693100892BC5 /* Assets.xcassets */; };
		71614B4725F1693100892BC5 /* LaunchScreen.storyboard in Resources */ = {isa = PBXBuildFile; fileRef = 71614B4525F1693100892BC5 /* LaunchScreen.storyboard */; };
		71614B5225F1693100892BC5 /* movieTests.swift in Sources */ = {isa = PBXBuildFile; fileRef = 71614B5125F1693100892BC5 /* movieTests.swift */; };
		71614B5D25F1693200892BC5 /* movieUITests.swift in Sources */ = {isa = PBXBuildFile; fileRef = 71614B5C25F1693200892BC5 /* movieUITests.swift */; };
		71614B7C25F16BE400892BC5 /* APIService.swift in Sources */ = {isa = PBXBuildFile; fileRef = 71614B7B25F16BE400892BC5 /* APIService.swift */; };
		71614B9925F1757300892BC5 /* MovieListViewModel.swift in Sources */ = {isa = PBXBuildFile; fileRef = 71614B9825F1757300892BC5 /* MovieListViewModel.swift */; };
		71614BA025F177CA00892BC5 /* Movie.swift in Sources */ = {isa = PBXBuildFile; fileRef = 71614B9F25F177CA00892BC5 /* Movie.swift */; };
		71614BB225F178E700892BC5 /* MovieViewModel.swift in Sources */ = {isa = PBXBuildFile; fileRef = 71614BB125F178E700892BC5 /* MovieViewModel.swift */; };
		71E5EE0025F60DF800F198A3 /* MovieListViewController.swift in Sources */ = {isa = PBXBuildFile; fileRef = 71E5EDFE25F60DF800F198A3 /* MovieListViewController.swift */; };
		71E5EE0125F60DF800F198A3 /* MovieListViewController.xib in Resources */ = {isa = PBXBuildFile; fileRef = 71E5EDFF25F60DF800F198A3 /* MovieListViewController.xib */; };
		71E5EE0C25F611F200F198A3 /* MovieTableViewCell.swift in Sources */ = {isa = PBXBuildFile; fileRef = 71E5EE0A25F611F200F198A3 /* MovieTableViewCell.swift */; };
		71E5EE0D25F611F200F198A3 /* MovieTableViewCell.xib in Resources */ = {isa = PBXBuildFile; fileRef = 71E5EE0B25F611F200F198A3 /* MovieTableViewCell.xib */; };
		8CB68C0B1CE000597E29314A /* Pods_movieTests.framework in Frameworks */ = {isa = PBXBuildFile; fileRef = 887A8179B772E7C52028DEF6 /* Pods_movieTests.framework */; };
		F4DA3DF85C7E96B91F209EEE /* Pods_movie.framework in Frameworks */ = {isa = PBXBuildFile; fileRef = 13EABB6B862A9EBF5A7C6996 /* Pods_movie.framework */; };
/* End PBXBuildFile section */

/* Begin PBXContainerItemProxy section */
		71614B4E25F1693100892BC5 /* PBXContainerItemProxy */ = {
			isa = PBXContainerItemProxy;
			containerPortal = 71614B2F25F1693000892BC5 /* Project object */;
			proxyType = 1;
			remoteGlobalIDString = 71614B3625F1693000892BC5;
			remoteInfo = movie;
		};
		71614B5925F1693200892BC5 /* PBXContainerItemProxy */ = {
			isa = PBXContainerItemProxy;
			containerPortal = 71614B2F25F1693000892BC5 /* Project object */;
			proxyType = 1;
			remoteGlobalIDString = 71614B3625F1693000892BC5;
			remoteInfo = movie;
		};
/* End PBXContainerItemProxy section */

/* Begin PBXFileReference section */
		0B6F83D37EF0FB24D0E46999 /* Pods-movie.debug.xcconfig */ = {isa = PBXFileReference; includeInIndex = 1; lastKnownFileType = text.xcconfig; name = "Pods-movie.debug.xcconfig"; path = "Target Support Files/Pods-movie/Pods-movie.debug.xcconfig"; sourceTree = "<group>"; };
		13EABB6B862A9EBF5A7C6996 /* Pods_movie.framework */ = {isa = PBXFileReference; explicitFileType = wrapper.framework; includeInIndex = 0; path = Pods_movie.framework; sourceTree = BUILT_PRODUCTS_DIR; };
		30C32DE17A380859636CB3EF /* Pods_movie_movieUITests.framework */ = {isa = PBXFileReference; explicitFileType = wrapper.framework; includeInIndex = 0; path = Pods_movie_movieUITests.framework; sourceTree = BUILT_PRODUCTS_DIR; };
		43F5FCACA2C16D8FC5B04AE2 /* Pods-movie-movieUITests.debug.xcconfig */ = {isa = PBXFileReference; includeInIndex = 1; lastKnownFileType = text.xcconfig; name = "Pods-movie-movieUITests.debug.xcconfig"; path = "Target Support Files/Pods-movie-movieUITests/Pods-movie-movieUITests.debug.xcconfig"; sourceTree = "<group>"; };
		71614B3725F1693000892BC5 /* movie.app */ = {isa = PBXFileReference; explicitFileType = wrapper.application; includeInIndex = 0; path = movie.app; sourceTree = BUILT_PRODUCTS_DIR; };
		71614B3A25F1693000892BC5 /* AppDelegate.swift */ = {isa = PBXFileReference; lastKnownFileType = sourcecode.swift; path = AppDelegate.swift; sourceTree = "<group>"; };
		71614B3C25F1693000892BC5 /* SceneDelegate.swift */ = {isa = PBXFileReference; lastKnownFileType = sourcecode.swift; path = SceneDelegate.swift; sourceTree = "<group>"; };
		71614B3E25F1693000892BC5 /* ViewController.swift */ = {isa = PBXFileReference; lastKnownFileType = sourcecode.swift; path = ViewController.swift; sourceTree = "<group>"; };
		71614B4125F1693000892BC5 /* Base */ = {isa = PBXFileReference; lastKnownFileType = file.storyboard; name = Base; path = Base.lproj/Main.storyboard; sourceTree = "<group>"; };
		71614B4325F1693100892BC5 /* Assets.xcassets */ = {isa = PBXFileReference; lastKnownFileType = folder.assetcatalog; path = Assets.xcassets; sourceTree = "<group>"; };
		71614B4625F1693100892BC5 /* Base */ = {isa = PBXFileReference; lastKnownFileType = file.storyboard; name = Base; path = Base.lproj/LaunchScreen.storyboard; sourceTree = "<group>"; };
		71614B4825F1693100892BC5 /* Info.plist */ = {isa = PBXFileReference; lastKnownFileType = text.plist.xml; path = Info.plist; sourceTree = "<group>"; };
		71614B4D25F1693100892BC5 /* movieTests.xctest */ = {isa = PBXFileReference; explicitFileType = wrapper.cfbundle; includeInIndex = 0; path = movieTests.xctest; sourceTree = BUILT_PRODUCTS_DIR; };
		71614B5125F1693100892BC5 /* movieTests.swift */ = {isa = PBXFileReference; lastKnownFileType = sourcecode.swift; path = movieTests.swift; sourceTree = "<group>"; };
		71614B5325F1693100892BC5 /* Info.plist */ = {isa = PBXFileReference; lastKnownFileType = text.plist.xml; path = Info.plist; sourceTree = "<group>"; };
		71614B5825F1693200892BC5 /* movieUITests.xctest */ = {isa = PBXFileReference; explicitFileType = wrapper.cfbundle; includeInIndex = 0; path = movieUITests.xctest; sourceTree = BUILT_PRODUCTS_DIR; };
		71614B5C25F1693200892BC5 /* movieUITests.swift */ = {isa = PBXFileReference; lastKnownFileType = sourcecode.swift; path = movieUITests.swift; sourceTree = "<group>"; };
		71614B5E25F1693200892BC5 /* Info.plist */ = {isa = PBXFileReference; lastKnownFileType = text.plist.xml; path = Info.plist; sourceTree = "<group>"; };
		71614B7B25F16BE400892BC5 /* APIService.swift */ = {isa = PBXFileReference; lastKnownFileType = sourcecode.swift; path = APIService.swift; sourceTree = "<group>"; };
		71614B9825F1757300892BC5 /* MovieListViewModel.swift */ = {isa = PBXFileReference; lastKnownFileType = sourcecode.swift; path = MovieListViewModel.swift; sourceTree = "<group>"; };
		71614B9F25F177CA00892BC5 /* Movie.swift */ = {isa = PBXFileReference; lastKnownFileType = sourcecode.swift; path = Movie.swift; sourceTree = "<group>"; };
		71614BB125F178E700892BC5 /* MovieViewModel.swift */ = {isa = PBXFileReference; lastKnownFileType = sourcecode.swift; path = MovieViewModel.swift; sourceTree = "<group>"; };
		71E5EDFE25F60DF800F198A3 /* MovieListViewController.swift */ = {isa = PBXFileReference; lastKnownFileType = sourcecode.swift; path = MovieListViewController.swift; sourceTree = "<group>"; };
		71E5EDFF25F60DF800F198A3 /* MovieListViewController.xib */ = {isa = PBXFileReference; lastKnownFileType = file.xib; path = MovieListViewController.xib; sourceTree = "<group>"; };
		71E5EE0A25F611F200F198A3 /* MovieTableViewCell.swift */ = {isa = PBXFileReference; lastKnownFileType = sourcecode.swift; path = MovieTableViewCell.swift; sourceTree = "<group>"; };
		71E5EE0B25F611F200F198A3 /* MovieTableViewCell.xib */ = {isa = PBXFileReference; lastKnownFileType = file.xib; path = MovieTableViewCell.xib; sourceTree = "<group>"; };
		748E9ADE1B22243001A46A49 /* Pods-movie-movieUITests.release.xcconfig */ = {isa = PBXFileReference; includeInIndex = 1; lastKnownFileType = text.xcconfig; name = "Pods-movie-movieUITests.release.xcconfig"; path = "Target Support Files/Pods-movie-movieUITests/Pods-movie-movieUITests.release.xcconfig"; sourceTree = "<group>"; };
		7742DDC32460E1EB5DFA30D6 /* Pods-movieTests.release.xcconfig */ = {isa = PBXFileReference; includeInIndex = 1; lastKnownFileType = text.xcconfig; name = "Pods-movieTests.release.xcconfig"; path = "Target Support Files/Pods-movieTests/Pods-movieTests.release.xcconfig"; sourceTree = "<group>"; };
		887A8179B772E7C52028DEF6 /* Pods_movieTests.framework */ = {isa = PBXFileReference; explicitFileType = wrapper.framework; includeInIndex = 0; path = Pods_movieTests.framework; sourceTree = BUILT_PRODUCTS_DIR; };
		9D6070D689DCC925DEEB2AFF /* Pods-movie.release.xcconfig */ = {isa = PBXFileReference; includeInIndex = 1; lastKnownFileType = text.xcconfig; name = "Pods-movie.release.xcconfig"; path = "Target Support Files/Pods-movie/Pods-movie.release.xcconfig"; sourceTree = "<group>"; };
		B0C10F135FE170A40AEFD621 /* Pods-movieTests.debug.xcconfig */ = {isa = PBXFileReference; includeInIndex = 1; lastKnownFileType = text.xcconfig; name = "Pods-movieTests.debug.xcconfig"; path = "Target Support Files/Pods-movieTests/Pods-movieTests.debug.xcconfig"; sourceTree = "<group>"; };
/* End PBXFileReference section */

/* Begin PBXFrameworksBuildPhase section */
		71614B3425F1693000892BC5 /* Frameworks */ = {
			isa = PBXFrameworksBuildPhase;
			buildActionMask = 2147483647;
			files = (
				F4DA3DF85C7E96B91F209EEE /* Pods_movie.framework in Frameworks */,
			);
			runOnlyForDeploymentPostprocessing = 0;
		};
		71614B4A25F1693100892BC5 /* Frameworks */ = {
			isa = PBXFrameworksBuildPhase;
			buildActionMask = 2147483647;
			files = (
				8CB68C0B1CE000597E29314A /* Pods_movieTests.framework in Frameworks */,
			);
			runOnlyForDeploymentPostprocessing = 0;
		};
		71614B5525F1693200892BC5 /* Frameworks */ = {
			isa = PBXFrameworksBuildPhase;
			buildActionMask = 2147483647;
			files = (
				07740F7D6841B3B5DE2A94DF /* Pods_movie_movieUITests.framework in Frameworks */,
			);
			runOnlyForDeploymentPostprocessing = 0;
		};
/* End PBXFrameworksBuildPhase section */

/* Begin PBXGroup section */
		71614B2E25F1693000892BC5 = {
			isa = PBXGroup;
			children = (
				71614B3925F1693000892BC5 /* movie */,
				71614B5025F1693100892BC5 /* movieTests */,
				71614B5B25F1693200892BC5 /* movieUITests */,
				71614B3825F1693000892BC5 /* Products */,
				9A3218ADB89B481055C9E6C9 /* Pods */,
				7AF31CE219E69457D293F788 /* Frameworks */,
			);
			sourceTree = "<group>";
		};
		71614B3825F1693000892BC5 /* Products */ = {
			isa = PBXGroup;
			children = (
				71614B3725F1693000892BC5 /* movie.app */,
				71614B4D25F1693100892BC5 /* movieTests.xctest */,
				71614B5825F1693200892BC5 /* movieUITests.xctest */,
			);
			name = Products;
			sourceTree = "<group>";
		};
		71614B3925F1693000892BC5 /* movie */ = {
			isa = PBXGroup;
			children = (
				71614B4825F1693100892BC5 /* Info.plist */,
				71614B3A25F1693000892BC5 /* AppDelegate.swift */,
				71614B3C25F1693000892BC5 /* SceneDelegate.swift */,
				71614B3E25F1693000892BC5 /* ViewController.swift */,
				71614B4325F1693100892BC5 /* Assets.xcassets */,
				71614B4525F1693100892BC5 /* LaunchScreen.storyboard */,
				71614B4025F1693000892BC5 /* Main.storyboard */,
				71614B9E25F177BA00892BC5 /* Models */,
				71614B9D25F177AF00892BC5 /* Modules */,
				71614B7A25F16BC400892BC5 /* Services */,
			);
			path = movie;
			sourceTree = "<group>";
		};
		71614B5025F1693100892BC5 /* movieTests */ = {
			isa = PBXGroup;
			children = (
				71614B5125F1693100892BC5 /* movieTests.swift */,
				71614B5325F1693100892BC5 /* Info.plist */,
			);
			path = movieTests;
			sourceTree = "<group>";
		};
		71614B5B25F1693200892BC5 /* movieUITests */ = {
			isa = PBXGroup;
			children = (
				71614B5C25F1693200892BC5 /* movieUITests.swift */,
				71614B5E25F1693200892BC5 /* Info.plist */,
			);
			path = movieUITests;
			sourceTree = "<group>";
		};
		71614B7A25F16BC400892BC5 /* Services */ = {
			isa = PBXGroup;
			children = (
				71614B7B25F16BE400892BC5 /* APIService.swift */,
			);
			path = Services;
			sourceTree = "<group>";
		};
		71614B9D25F177AF00892BC5 /* Modules */ = {
			isa = PBXGroup;
			children = (
				71614BB025F178CF00892BC5 /* Cells */,
				71614B9825F1757300892BC5 /* MovieListViewModel.swift */,
				71E5EDFE25F60DF800F198A3 /* MovieListViewController.swift */,
				71E5EDFF25F60DF800F198A3 /* MovieListViewController.xib */,
			);
			path = Modules;
			sourceTree = "<group>";
		};
		71614B9E25F177BA00892BC5 /* Models */ = {
			isa = PBXGroup;
			children = (
				71614B9F25F177CA00892BC5 /* Movie.swift */,
			);
			path = Models;
			sourceTree = "<group>";
		};
		71614BB025F178CF00892BC5 /* Cells */ = {
			isa = PBXGroup;
			children = (
				71614BB125F178E700892BC5 /* MovieViewModel.swift */,
				71E5EE0A25F611F200F198A3 /* MovieTableViewCell.swift */,
				71E5EE0B25F611F200F198A3 /* MovieTableViewCell.xib */,
			);
			path = Cells;
			sourceTree = "<group>";
		};
		7AF31CE219E69457D293F788 /* Frameworks */ = {
			isa = PBXGroup;
			children = (
				13EABB6B862A9EBF5A7C6996 /* Pods_movie.framework */,
				30C32DE17A380859636CB3EF /* Pods_movie_movieUITests.framework */,
				887A8179B772E7C52028DEF6 /* Pods_movieTests.framework */,
			);
			name = Frameworks;
			sourceTree = "<group>";
		};
		9A3218ADB89B481055C9E6C9 /* Pods */ = {
			isa = PBXGroup;
			children = (
				0B6F83D37EF0FB24D0E46999 /* Pods-movie.debug.xcconfig */,
				9D6070D689DCC925DEEB2AFF /* Pods-movie.release.xcconfig */,
				43F5FCACA2C16D8FC5B04AE2 /* Pods-movie-movieUITests.debug.xcconfig */,
				748E9ADE1B22243001A46A49 /* Pods-movie-movieUITests.release.xcconfig */,
				B0C10F135FE170A40AEFD621 /* Pods-movieTests.debug.xcconfig */,
				7742DDC32460E1EB5DFA30D6 /* Pods-movieTests.release.xcconfig */,
			);
			path = Pods;
			sourceTree = "<group>";
		};
/* End PBXGroup section */

/* Begin PBXNativeTarget section */
		71614B3625F1693000892BC5 /* movie */ = {
			isa = PBXNativeTarget;
			buildConfigurationList = 71614B6125F1693200892BC5 /* Build configuration list for PBXNativeTarget "movie" */;
			buildPhases = (
				3659FAEF8DC9A6ACC861AD45 /* [CP] Check Pods Manifest.lock */,
				71614B3325F1693000892BC5 /* Sources */,
				71614B3425F1693000892BC5 /* Frameworks */,
				71614B3525F1693000892BC5 /* Resources */,
				C5337BDA3E0856B85FD0A299 /* [CP] Embed Pods Frameworks */,
			);
			buildRules = (
			);
			dependencies = (
			);
			name = movie;
			productName = movie;
			productReference = 71614B3725F1693000892BC5 /* movie.app */;
			productType = "com.apple.product-type.application";
		};
		71614B4C25F1693100892BC5 /* movieTests */ = {
			isa = PBXNativeTarget;
			buildConfigurationList = 71614B6425F1693200892BC5 /* Build configuration list for PBXNativeTarget "movieTests" */;
			buildPhases = (
				7E4ED4A96F3BD9E381533521 /* [CP] Check Pods Manifest.lock */,
				71614B4925F1693100892BC5 /* Sources */,
				71614B4A25F1693100892BC5 /* Frameworks */,
				71614B4B25F1693100892BC5 /* Resources */,
			);
			buildRules = (
			);
			dependencies = (
				71614B4F25F1693100892BC5 /* PBXTargetDependency */,
			);
			name = movieTests;
			productName = movieTests;
			productReference = 71614B4D25F1693100892BC5 /* movieTests.xctest */;
			productType = "com.apple.product-type.bundle.unit-test";
		};
		71614B5725F1693200892BC5 /* movieUITests */ = {
			isa = PBXNativeTarget;
			buildConfigurationList = 71614B6725F1693200892BC5 /* Build configuration list for PBXNativeTarget "movieUITests" */;
			buildPhases = (
				0FB455382CA9130D53632D0F /* [CP] Check Pods Manifest.lock */,
				71614B5425F1693200892BC5 /* Sources */,
				71614B5525F1693200892BC5 /* Frameworks */,
				71614B5625F1693200892BC5 /* Resources */,
				5A7D16A44ABB72F4E9947B17 /* [CP] Embed Pods Frameworks */,
			);
			buildRules = (
			);
			dependencies = (
				71614B5A25F1693200892BC5 /* PBXTargetDependency */,
			);
			name = movieUITests;
			productName = movieUITests;
			productReference = 71614B5825F1693200892BC5 /* movieUITests.xctest */;
			productType = "com.apple.product-type.bundle.ui-testing";
		};
/* End PBXNativeTarget section */

/* Begin PBXProject section */
		71614B2F25F1693000892BC5 /* Project object */ = {
			isa = PBXProject;
			attributes = {
				LastSwiftUpdateCheck = 1220;
				LastUpgradeCheck = 1220;
				TargetAttributes = {
					71614B3625F1693000892BC5 = {
						CreatedOnToolsVersion = 12.2;
					};
					71614B4C25F1693100892BC5 = {
						CreatedOnToolsVersion = 12.2;
						TestTargetID = 71614B3625F1693000892BC5;
					};
					71614B5725F1693200892BC5 = {
						CreatedOnToolsVersion = 12.2;
						TestTargetID = 71614B3625F1693000892BC5;
					};
				};
			};
			buildConfigurationList = 71614B3225F1693000892BC5 /* Build configuration list for PBXProject "movie" */;
			compatibilityVersion = "Xcode 9.3";
			developmentRegion = en;
			hasScannedForEncodings = 0;
			knownRegions = (
				en,
				Base,
			);
			mainGroup = 71614B2E25F1693000892BC5;
			productRefGroup = 71614B3825F1693000892BC5 /* Products */;
			projectDirPath = "";
			projectRoot = "";
			targets = (
				71614B3625F1693000892BC5 /* movie */,
				71614B4C25F1693100892BC5 /* movieTests */,
				71614B5725F1693200892BC5 /* movieUITests */,
			);
		};
/* End PBXProject section */

/* Begin PBXResourcesBuildPhase section */
		71614B3525F1693000892BC5 /* Resources */ = {
			isa = PBXResourcesBuildPhase;
			buildActionMask = 2147483647;
			files = (
				71614B4725F1693100892BC5 /* LaunchScreen.storyboard in Resources */,
				71E5EE0D25F611F200F198A3 /* MovieTableViewCell.xib in Resources */,
				71614B4425F1693100892BC5 /* Assets.xcassets in Resources */,
				71614B4225F1693000892BC5 /* Main.storyboard in Resources */,
				71E5EE0125F60DF800F198A3 /* MovieListViewController.xib in Resources */,
			);
			runOnlyForDeploymentPostprocessing = 0;
		};
		71614B4B25F1693100892BC5 /* Resources */ = {
			isa = PBXResourcesBuildPhase;
			buildActionMask = 2147483647;
			files = (
			);
			runOnlyForDeploymentPostprocessing = 0;
		};
		71614B5625F1693200892BC5 /* Resources */ = {
			isa = PBXResourcesBuildPhase;
			buildActionMask = 2147483647;
			files = (
			);
			runOnlyForDeploymentPostprocessing = 0;
		};
/* End PBXResourcesBuildPhase section */

/* Begin PBXShellScriptBuildPhase section */
		0FB455382CA9130D53632D0F /* [CP] Check Pods Manifest.lock */ = {
			isa = PBXShellScriptBuildPhase;
			buildActionMask = 2147483647;
			files = (
			);
			inputFileListPaths = (
			);
			inputPaths = (
				"${PODS_PODFILE_DIR_PATH}/Podfile.lock",
				"${PODS_ROOT}/Manifest.lock",
			);
			name = "[CP] Check Pods Manifest.lock";
			outputFileListPaths = (
			);
			outputPaths = (
				"$(DERIVED_FILE_DIR)/Pods-movie-movieUITests-checkManifestLockResult.txt",
			);
			runOnlyForDeploymentPostprocessing = 0;
			shellPath = /bin/sh;
			shellScript = "diff \"${PODS_PODFILE_DIR_PATH}/Podfile.lock\" \"${PODS_ROOT}/Manifest.lock\" > /dev/null\nif [ $? != 0 ] ; then\n    # print error to STDERR\n    echo \"error: The sandbox is not in sync with the Podfile.lock. Run 'pod install' or update your CocoaPods installation.\" >&2\n    exit 1\nfi\n# This output is used by Xcode 'outputs' to avoid re-running this script phase.\necho \"SUCCESS\" > \"${SCRIPT_OUTPUT_FILE_0}\"\n";
			showEnvVarsInLog = 0;
		};
		3659FAEF8DC9A6ACC861AD45 /* [CP] Check Pods Manifest.lock */ = {
			isa = PBXShellScriptBuildPhase;
			buildActionMask = 2147483647;
			files = (
			);
			inputFileListPaths = (
			);
			inputPaths = (
				"${PODS_PODFILE_DIR_PATH}/Podfile.lock",
				"${PODS_ROOT}/Manifest.lock",
			);
			name = "[CP] Check Pods Manifest.lock";
			outputFileListPaths = (
			);
			outputPaths = (
				"$(DERIVED_FILE_DIR)/Pods-movie-checkManifestLockResult.txt",
			);
			runOnlyForDeploymentPostprocessing = 0;
			shellPath = /bin/sh;
			shellScript = "diff \"${PODS_PODFILE_DIR_PATH}/Podfile.lock\" \"${PODS_ROOT}/Manifest.lock\" > /dev/null\nif [ $? != 0 ] ; then\n    # print error to STDERR\n    echo \"error: The sandbox is not in sync with the Podfile.lock. Run 'pod install' or update your CocoaPods installation.\" >&2\n    exit 1\nfi\n# This output is used by Xcode 'outputs' to avoid re-running this script phase.\necho \"SUCCESS\" > \"${SCRIPT_OUTPUT_FILE_0}\"\n";
			showEnvVarsInLog = 0;
		};
		5A7D16A44ABB72F4E9947B17 /* [CP] Embed Pods Frameworks */ = {
			isa = PBXShellScriptBuildPhase;
			buildActionMask = 2147483647;
			files = (
			);
			inputFileListPaths = (
				"${PODS_ROOT}/Target Support Files/Pods-movie-movieUITests/Pods-movie-movieUITests-frameworks-${CONFIGURATION}-input-files.xcfilelist",
			);
			name = "[CP] Embed Pods Frameworks";
			outputFileListPaths = (
				"${PODS_ROOT}/Target Support Files/Pods-movie-movieUITests/Pods-movie-movieUITests-frameworks-${CONFIGURATION}-output-files.xcfilelist",
			);
			runOnlyForDeploymentPostprocessing = 0;
			shellPath = /bin/sh;
			shellScript = "\"${PODS_ROOT}/Target Support Files/Pods-movie-movieUITests/Pods-movie-movieUITests-frameworks.sh\"\n";
			showEnvVarsInLog = 0;
		};
		7E4ED4A96F3BD9E381533521 /* [CP] Check Pods Manifest.lock */ = {
			isa = PBXShellScriptBuildPhase;
			buildActionMask = 2147483647;
			files = (
			);
			inputFileListPaths = (
			);
			inputPaths = (
				"${PODS_PODFILE_DIR_PATH}/Podfile.lock",
				"${PODS_ROOT}/Manifest.lock",
			);
			name = "[CP] Check Pods Manifest.lock";
			outputFileListPaths = (
			);
			outputPaths = (
				"$(DERIVED_FILE_DIR)/Pods-movieTests-checkManifestLockResult.txt",
			);
			runOnlyForDeploymentPostprocessing = 0;
			shellPath = /bin/sh;
			shellScript = "diff \"${PODS_PODFILE_DIR_PATH}/Podfile.lock\" \"${PODS_ROOT}/Manifest.lock\" > /dev/null\nif [ $? != 0 ] ; then\n    # print error to STDERR\n    echo \"error: The sandbox is not in sync with the Podfile.lock. Run 'pod install' or update your CocoaPods installation.\" >&2\n    exit 1\nfi\n# This output is used by Xcode 'outputs' to avoid re-running this script phase.\necho \"SUCCESS\" > \"${SCRIPT_OUTPUT_FILE_0}\"\n";
			showEnvVarsInLog = 0;
		};
		C5337BDA3E0856B85FD0A299 /* [CP] Embed Pods Frameworks */ = {
			isa = PBXShellScriptBuildPhase;
			buildActionMask = 2147483647;
			files = (
			);
			inputFileListPaths = (
				"${PODS_ROOT}/Target Support Files/Pods-movie/Pods-movie-frameworks-${CONFIGURATION}-input-files.xcfilelist",
			);
			name = "[CP] Embed Pods Frameworks";
			outputFileListPaths = (
				"${PODS_ROOT}/Target Support Files/Pods-movie/Pods-movie-frameworks-${CONFIGURATION}-output-files.xcfilelist",
			);
			runOnlyForDeploymentPostprocessing = 0;
			shellPath = /bin/sh;
			shellScript = "\"${PODS_ROOT}/Target Support Files/Pods-movie/Pods-movie-frameworks.sh\"\n";
			showEnvVarsInLog = 0;
		};
/* End PBXShellScriptBuildPhase section */

/* Begin PBXSourcesBuildPhase section */
		71614B3325F1693000892BC5 /* Sources */ = {
			isa = PBXSourcesBuildPhase;
			buildActionMask = 2147483647;
			files = (
				71614B3F25F1693000892BC5 /* ViewController.swift in Sources */,
				71614B3B25F1693000892BC5 /* AppDelegate.swift in Sources */,
				71E5EE0C25F611F200F198A3 /* MovieTableViewCell.swift in Sources */,
				71614BA025F177CA00892BC5 /* Movie.swift in Sources */,
				71E5EE0025F60DF800F198A3 /* MovieListViewController.swift in Sources */,
				71614B7C25F16BE400892BC5 /* APIService.swift in Sources */,
				71614B3D25F1693000892BC5 /* SceneDelegate.swift in Sources */,
				71614BB225F178E700892BC5 /* MovieViewModel.swift in Sources */,
				71614B9925F1757300892BC5 /* MovieListViewModel.swift in Sources */,
			);
			runOnlyForDeploymentPostprocessing = 0;
		};
		71614B4925F1693100892BC5 /* Sources */ = {
			isa = PBXSourcesBuildPhase;
			buildActionMask = 2147483647;
			files = (
				71614B5225F1693100892BC5 /* movieTests.swift in Sources */,
			);
			runOnlyForDeploymentPostprocessing = 0;
		};
		71614B5425F1693200892BC5 /* Sources */ = {
			isa = PBXSourcesBuildPhase;
			buildActionMask = 2147483647;
			files = (
				71614B5D25F1693200892BC5 /* movieUITests.swift in Sources */,
			);
			runOnlyForDeploymentPostprocessing = 0;
		};
/* End PBXSourcesBuildPhase section */

/* Begin PBXTargetDependency section */
		71614B4F25F1693100892BC5 /* PBXTargetDependency */ = {
			isa = PBXTargetDependency;
			target = 71614B3625F1693000892BC5 /* movie */;
			targetProxy = 71614B4E25F1693100892BC5 /* PBXContainerItemProxy */;
		};
		71614B5A25F1693200892BC5 /* PBXTargetDependency */ = {
			isa = PBXTargetDependency;
			target = 71614B3625F1693000892BC5 /* movie */;
			targetProxy = 71614B5925F1693200892BC5 /* PBXContainerItemProxy */;
		};
/* End PBXTargetDependency section */

/* Begin PBXVariantGroup section */
		71614B4025F1693000892BC5 /* Main.storyboard */ = {
			isa = PBXVariantGroup;
			children = (
				71614B4125F1693000892BC5 /* Base */,
			);
			name = Main.storyboard;
			sourceTree = "<group>";
		};
		71614B4525F1693100892BC5 /* LaunchScreen.storyboard */ = {
			isa = PBXVariantGroup;
			children = (
				71614B4625F1693100892BC5 /* Base */,
			);
			name = LaunchScreen.storyboard;
			sourceTree = "<group>";
		};
/* End PBXVariantGroup section */

/* Begin XCBuildConfiguration section */
		71614B5F25F1693200892BC5 /* Debug */ = {
			isa = XCBuildConfiguration;
			buildSettings = {
				ALWAYS_SEARCH_USER_PATHS = NO;
				CLANG_ANALYZER_NONNULL = YES;
				CLANG_ANALYZER_NUMBER_OBJECT_CONVERSION = YES_AGGRESSIVE;
				CLANG_CXX_LANGUAGE_STANDARD = "gnu++14";
				CLANG_CXX_LIBRARY = "libc++";
				CLANG_ENABLE_MODULES = YES;
				CLANG_ENABLE_OBJC_ARC = YES;
				CLANG_ENABLE_OBJC_WEAK = YES;
				CLANG_WARN_BLOCK_CAPTURE_AUTORELEASING = YES;
				CLANG_WARN_BOOL_CONVERSION = YES;
				CLANG_WARN_COMMA = YES;
				CLANG_WARN_CONSTANT_CONVERSION = YES;
				CLANG_WARN_DEPRECATED_OBJC_IMPLEMENTATIONS = YES;
				CLANG_WARN_DIRECT_OBJC_ISA_USAGE = YES_ERROR;
				CLANG_WARN_DOCUMENTATION_COMMENTS = YES;
				CLANG_WARN_EMPTY_BODY = YES;
				CLANG_WARN_ENUM_CONVERSION = YES;
				CLANG_WARN_INFINITE_RECURSION = YES;
				CLANG_WARN_INT_CONVERSION = YES;
				CLANG_WARN_NON_LITERAL_NULL_CONVERSION = YES;
				CLANG_WARN_OBJC_IMPLICIT_RETAIN_SELF = YES;
				CLANG_WARN_OBJC_LITERAL_CONVERSION = YES;
				CLANG_WARN_OBJC_ROOT_CLASS = YES_ERROR;
				CLANG_WARN_QUOTED_INCLUDE_IN_FRAMEWORK_HEADER = YES;
				CLANG_WARN_RANGE_LOOP_ANALYSIS = YES;
				CLANG_WARN_STRICT_PROTOTYPES = YES;
				CLANG_WARN_SUSPICIOUS_MOVE = YES;
				CLANG_WARN_UNGUARDED_AVAILABILITY = YES_AGGRESSIVE;
				CLANG_WARN_UNREACHABLE_CODE = YES;
				CLANG_WARN__DUPLICATE_METHOD_MATCH = YES;
				COPY_PHASE_STRIP = NO;
				DEBUG_INFORMATION_FORMAT = dwarf;
				ENABLE_STRICT_OBJC_MSGSEND = YES;
				ENABLE_TESTABILITY = YES;
				GCC_C_LANGUAGE_STANDARD = gnu11;
				GCC_DYNAMIC_NO_PIC = NO;
				GCC_NO_COMMON_BLOCKS = YES;
				GCC_OPTIMIZATION_LEVEL = 0;
				GCC_PREPROCESSOR_DEFINITIONS = (
					"DEBUG=1",
					"$(inherited)",
				);
				GCC_WARN_64_TO_32_BIT_CONVERSION = YES;
				GCC_WARN_ABOUT_RETURN_TYPE = YES_ERROR;
				GCC_WARN_UNDECLARED_SELECTOR = YES;
				GCC_WARN_UNINITIALIZED_AUTOS = YES_AGGRESSIVE;
				GCC_WARN_UNUSED_FUNCTION = YES;
				GCC_WARN_UNUSED_VARIABLE = YES;
				IPHONEOS_DEPLOYMENT_TARGET = 14.2;
				MTL_ENABLE_DEBUG_INFO = INCLUDE_SOURCE;
				MTL_FAST_MATH = YES;
				ONLY_ACTIVE_ARCH = YES;
				SDKROOT = iphoneos;
				SWIFT_ACTIVE_COMPILATION_CONDITIONS = DEBUG;
				SWIFT_OPTIMIZATION_LEVEL = "-Onone";
			};
			name = Debug;
		};
		71614B6025F1693200892BC5 /* Release */ = {
			isa = XCBuildConfiguration;
			buildSettings = {
				ALWAYS_SEARCH_USER_PATHS = NO;
				CLANG_ANALYZER_NONNULL = YES;
				CLANG_ANALYZER_NUMBER_OBJECT_CONVERSION = YES_AGGRESSIVE;
				CLANG_CXX_LANGUAGE_STANDARD = "gnu++14";
				CLANG_CXX_LIBRARY = "libc++";
				CLANG_ENABLE_MODULES = YES;
				CLANG_ENABLE_OBJC_ARC = YES;
				CLANG_ENABLE_OBJC_WEAK = YES;
				CLANG_WARN_BLOCK_CAPTURE_AUTORELEASING = YES;
				CLANG_WARN_BOOL_CONVERSION = YES;
				CLANG_WARN_COMMA = YES;
				CLANG_WARN_CONSTANT_CONVERSION = YES;
				CLANG_WARN_DEPRECATED_OBJC_IMPLEMENTATIONS = YES;
				CLANG_WARN_DIRECT_OBJC_ISA_USAGE = YES_ERROR;
				CLANG_WARN_DOCUMENTATION_COMMENTS = YES;
				CLANG_WARN_EMPTY_BODY = YES;
				CLANG_WARN_ENUM_CONVERSION = YES;
				CLANG_WARN_INFINITE_RECURSION = YES;
				CLANG_WARN_INT_CONVERSION = YES;
				CLANG_WARN_NON_LITERAL_NULL_CONVERSION = YES;
				CLANG_WARN_OBJC_IMPLICIT_RETAIN_SELF = YES;
				CLANG_WARN_OBJC_LITERAL_CONVERSION = YES;
				CLANG_WARN_OBJC_ROOT_CLASS = YES_ERROR;
				CLANG_WARN_QUOTED_INCLUDE_IN_FRAMEWORK_HEADER = YES;
				CLANG_WARN_RANGE_LOOP_ANALYSIS = YES;
				CLANG_WARN_STRICT_PROTOTYPES = YES;
				CLANG_WARN_SUSPICIOUS_MOVE = YES;
				CLANG_WARN_UNGUARDED_AVAILABILITY = YES_AGGRESSIVE;
				CLANG_WARN_UNREACHABLE_CODE = YES;
				CLANG_WARN__DUPLICATE_METHOD_MATCH = YES;
				COPY_PHASE_STRIP = NO;
				DEBUG_INFORMATION_FORMAT = "dwarf-with-dsym";
				ENABLE_NS_ASSERTIONS = NO;
				ENABLE_STRICT_OBJC_MSGSEND = YES;
				GCC_C_LANGUAGE_STANDARD = gnu11;
				GCC_NO_COMMON_BLOCKS = YES;
				GCC_WARN_64_TO_32_BIT_CONVERSION = YES;
				GCC_WARN_ABOUT_RETURN_TYPE = YES_ERROR;
				GCC_WARN_UNDECLARED_SELECTOR = YES;
				GCC_WARN_UNINITIALIZED_AUTOS = YES_AGGRESSIVE;
				GCC_WARN_UNUSED_FUNCTION = YES;
				GCC_WARN_UNUSED_VARIABLE = YES;
				IPHONEOS_DEPLOYMENT_TARGET = 14.2;
				MTL_ENABLE_DEBUG_INFO = NO;
				MTL_FAST_MATH = YES;
				SDKROOT = iphoneos;
				SWIFT_COMPILATION_MODE = wholemodule;
				SWIFT_OPTIMIZATION_LEVEL = "-O";
				VALIDATE_PRODUCT = YES;
			};
			name = Release;
		};
		71614B6225F1693200892BC5 /* Debug */ = {
			isa = XCBuildConfiguration;
			baseConfigurationReference = 0B6F83D37EF0FB24D0E46999 /* Pods-movie.debug.xcconfig */;
			buildSettings = {
				ASSETCATALOG_COMPILER_APPICON_NAME = AppIcon;
				ASSETCATALOG_COMPILER_GLOBAL_ACCENT_COLOR_NAME = AccentColor;
				CODE_SIGN_STYLE = Automatic;
				INFOPLIST_FILE = movie/Info.plist;
				LD_RUNPATH_SEARCH_PATHS = (
					"$(inherited)",
					"@executable_path/Frameworks",
				);
				PRODUCT_BUNDLE_IDENTIFIER = com.apit.movie;
				PRODUCT_NAME = "$(TARGET_NAME)";
				SWIFT_VERSION = 5.0;
				TARGETED_DEVICE_FAMILY = "1,2";
			};
			name = Debug;
		};
		71614B6325F1693200892BC5 /* Release */ = {
			isa = XCBuildConfiguration;
			baseConfigurationReference = 9D6070D689DCC925DEEB2AFF /* Pods-movie.release.xcconfig */;
			buildSettings = {
				ASSETCATALOG_COMPILER_APPICON_NAME = AppIcon;
				ASSETCATALOG_COMPILER_GLOBAL_ACCENT_COLOR_NAME = AccentColor;
				CODE_SIGN_STYLE = Automatic;
				INFOPLIST_FILE = movie/Info.plist;
				LD_RUNPATH_SEARCH_PATHS = (
					"$(inherited)",
					"@executable_path/Frameworks",
				);
				PRODUCT_BUNDLE_IDENTIFIER = com.apit.movie;
				PRODUCT_NAME = "$(TARGET_NAME)";
				SWIFT_VERSION = 5.0;
				TARGETED_DEVICE_FAMILY = "1,2";
			};
			name = Release;
		};
		71614B6525F1693200892BC5 /* Debug */ = {
			isa = XCBuildConfiguration;
			baseConfigurationReference = B0C10F135FE170A40AEFD621 /* Pods-movieTests.debug.xcconfig */;
			buildSettings = {
				ALWAYS_EMBED_SWIFT_STANDARD_LIBRARIES = YES;
				BUNDLE_LOADER = "$(TEST_HOST)";
				CODE_SIGN_STYLE = Automatic;
				INFOPLIST_FILE = movieTests/Info.plist;
				IPHONEOS_DEPLOYMENT_TARGET = 14.2;
				LD_RUNPATH_SEARCH_PATHS = (
					"$(inherited)",
					"@executable_path/Frameworks",
					"@loader_path/Frameworks",
				);
				PRODUCT_BUNDLE_IDENTIFIER = com.apit.movieTests;
				PRODUCT_NAME = "$(TARGET_NAME)";
				SWIFT_VERSION = 5.0;
				TARGETED_DEVICE_FAMILY = "1,2";
				TEST_HOST = "$(BUILT_PRODUCTS_DIR)/movie.app/movie";
			};
			name = Debug;
		};
		71614B6625F1693200892BC5 /* Release */ = {
			isa = XCBuildConfiguration;
			baseConfigurationReference = 7742DDC32460E1EB5DFA30D6 /* Pods-movieTests.release.xcconfig */;
			buildSettings = {
				ALWAYS_EMBED_SWIFT_STANDARD_LIBRARIES = YES;
				BUNDLE_LOADER = "$(TEST_HOST)";
				CODE_SIGN_STYLE = Automatic;
				INFOPLIST_FILE = movieTests/Info.plist;
				IPHONEOS_DEPLOYMENT_TARGET = 14.2;
				LD_RUNPATH_SEARCH_PATHS = (
					"$(inherited)",
					"@executable_path/Frameworks",
					"@loader_path/Frameworks",
				);
				PRODUCT_BUNDLE_IDENTIFIER = com.apit.movieTests;
				PRODUCT_NAME = "$(TARGET_NAME)";
				SWIFT_VERSION = 5.0;
				TARGETED_DEVICE_FAMILY = "1,2";
				TEST_HOST = "$(BUILT_PRODUCTS_DIR)/movie.app/movie";
			};
			name = Release;
		};
		71614B6825F1693200892BC5 /* Debug */ = {
			isa = XCBuildConfiguration;
			baseConfigurationReference = 43F5FCACA2C16D8FC5B04AE2 /* Pods-movie-movieUITests.debug.xcconfig */;
			buildSettings = {
				ALWAYS_EMBED_SWIFT_STANDARD_LIBRARIES = YES;
				CODE_SIGN_STYLE = Automatic;
				INFOPLIST_FILE = movieUITests/Info.plist;
				LD_RUNPATH_SEARCH_PATHS = (
					"$(inherited)",
					"@executable_path/Frameworks",
					"@loader_path/Frameworks",
				);
				PRODUCT_BUNDLE_IDENTIFIER = com.apit.movieUITests;
				PRODUCT_NAME = "$(TARGET_NAME)";
				SWIFT_VERSION = 5.0;
				TARGETED_DEVICE_FAMILY = "1,2";
				TEST_TARGET_NAME = movie;
			};
			name = Debug;
		};
		71614B6925F1693200892BC5 /* Release */ = {
			isa = XCBuildConfiguration;
			baseConfigurationReference = 748E9ADE1B22243001A46A49 /* Pods-movie-movieUITests.release.xcconfig */;
			buildSettings = {
				ALWAYS_EMBED_SWIFT_STANDARD_LIBRARIES = YES;
				CODE_SIGN_STYLE = Automatic;
				INFOPLIST_FILE = movieUITests/Info.plist;
				LD_RUNPATH_SEARCH_PATHS = (
					"$(inherited)",
					"@executable_path/Frameworks",
					"@loader_path/Frameworks",
				);
				PRODUCT_BUNDLE_IDENTIFIER = com.apit.movieUITests;
				PRODUCT_NAME = "$(TARGET_NAME)";
				SWIFT_VERSION = 5.0;
				TARGETED_DEVICE_FAMILY = "1,2";
				TEST_TARGET_NAME = movie;
			};
			name = Release;
		};
/* End XCBuildConfiguration section */

/* Begin XCConfigurationList section */
		71614B3225F1693000892BC5 /* Build configuration list for PBXProject "movie" */ = {
			isa = XCConfigurationList;
			buildConfigurations = (
				71614B5F25F1693200892BC5 /* Debug */,
				71614B6025F1693200892BC5 /* Release */,
			);
			defaultConfigurationIsVisible = 0;
			defaultConfigurationName = Release;
		};
		71614B6125F1693200892BC5 /* Build configuration list for PBXNativeTarget "movie" */ = {
			isa = XCConfigurationList;
			buildConfigurations = (
				71614B6225F1693200892BC5 /* Debug */,
				71614B6325F1693200892BC5 /* Release */,
			);
			defaultConfigurationIsVisible = 0;
			defaultConfigurationName = Release;
		};
		71614B6425F1693200892BC5 /* Build configuration list for PBXNativeTarget "movieTests" */ = {
			isa = XCConfigurationList;
			buildConfigurations = (
				71614B6525F1693200892BC5 /* Debug */,
				71614B6625F1693200892BC5 /* Release */,
			);
			defaultConfigurationIsVisible = 0;
			defaultConfigurationName = Release;
		};
		71614B6725F1693200892BC5 /* Build configuration list for PBXNativeTarget "movieUITests" */ = {
			isa = XCConfigurationList;
			buildConfigurations = (
				71614B6825F1693200892BC5 /* Debug */,
				71614B6925F1693200892BC5 /* Release */,
			);
			defaultConfigurationIsVisible = 0;
			defaultConfigurationName = Release;
		};
/* End XCConfigurationList section */
	};
	rootObject = 71614B2F25F1693000892BC5 /* Project object */;
}
